// !$*UTF8*$!
{
	archiveVersion = 1;
	classes = {
	};
	objectVersion = 50;
	objects = {

/* Begin PBXBuildFile section */
		FDB10521212B445800A75EEE /* AppDelegate.swift in Sources */ = {isa = PBXBuildFile; fileRef = FDB10520212B445800A75EEE /* AppDelegate.swift */; };
		FDB10523212B445800A75EEE /* MainVC.swift in Sources */ = {isa = PBXBuildFile; fileRef = FDB10522212B445800A75EEE /* MainVC.swift */; };
		FDB10526212B445800A75EEE /* Main.storyboard in Resources */ = {isa = PBXBuildFile; fileRef = FDB10524212B445800A75EEE /* Main.storyboard */; };
		FDB10529212B445800A75EEE /* SmileyList.xcdatamodeld in Sources */ = {isa = PBXBuildFile; fileRef = FDB10527212B445800A75EEE /* SmileyList.xcdatamodeld */; };
		FDB1052B212B445B00A75EEE /* Assets.xcassets in Resources */ = {isa = PBXBuildFile; fileRef = FDB1052A212B445B00A75EEE /* Assets.xcassets */; };
		FDB1052E212B445B00A75EEE /* LaunchScreen.storyboard in Resources */ = {isa = PBXBuildFile; fileRef = FDB1052C212B445B00A75EEE /* LaunchScreen.storyboard */; };
		FDB10536212B4B4400A75EEE /* AddTaskVC.swift in Sources */ = {isa = PBXBuildFile; fileRef = FDB10535212B4B4400A75EEE /* AddTaskVC.swift */; };
/* End PBXBuildFile section */

/* Begin PBXFileReference section */
		FDB1051D212B445800A75EEE /* SmileyList.app */ = {isa = PBXFileReference; explicitFileType = wrapper.application; includeInIndex = 0; path = SmileyList.app; sourceTree = BUILT_PRODUCTS_DIR; };
		FDB10520212B445800A75EEE /* AppDelegate.swift */ = {isa = PBXFileReference; lastKnownFileType = sourcecode.swift; path = AppDelegate.swift; sourceTree = "<group>"; };
		FDB10522212B445800A75EEE /* MainVC.swift */ = {isa = PBXFileReference; lastKnownFileType = sourcecode.swift; path = MainVC.swift; sourceTree = "<group>"; };
		FDB10525212B445800A75EEE /* Base */ = {isa = PBXFileReference; lastKnownFileType = file.storyboard; name = Base; path = Base.lproj/Main.storyboard; sourceTree = "<group>"; };
		FDB10528212B445800A75EEE /* SmileyList.xcdatamodel */ = {isa = PBXFileReference; lastKnownFileType = wrapper.xcdatamodel; path = SmileyList.xcdatamodel; sourceTree = "<group>"; };
		FDB1052A212B445B00A75EEE /* Assets.xcassets */ = {isa = PBXFileReference; lastKnownFileType = folder.assetcatalog; path = Assets.xcassets; sourceTree = "<group>"; };
		FDB1052D212B445B00A75EEE /* Base */ = {isa = PBXFileReference; lastKnownFileType = file.storyboard; name = Base; path = Base.lproj/LaunchScreen.storyboard; sourceTree = "<group>"; };
		FDB1052F212B445B00A75EEE /* Info.plist */ = {isa = PBXFileReference; lastKnownFileType = text.plist.xml; path = Info.plist; sourceTree = "<group>"; };
		FDB10535212B4B4400A75EEE /* AddTaskVC.swift */ = {isa = PBXFileReference; lastKnownFileType = sourcecode.swift; path = AddTaskVC.swift; sourceTree = "<group>"; };
/* End PBXFileReference section */

/* Begin PBXFrameworksBuildPhase section */
		FDB1051A212B445800A75EEE /* Frameworks */ = {
			isa = PBXFrameworksBuildPhase;
			buildActionMask = 2147483647;
			files = (
			);
			runOnlyForDeploymentPostprocessing = 0;
		};
/* End PBXFrameworksBuildPhase section */

/* Begin PBXGroup section */
		FDB10514212B445800A75EEE = {
			isa = PBXGroup;
			children = (
				FDB1051F212B445800A75EEE /* SmileyList */,
				FDB1051E212B445800A75EEE /* Products */,
			);
			sourceTree = "<group>";
		};
		FDB1051E212B445800A75EEE /* Products */ = {
			isa = PBXGroup;
			children = (
				FDB1051D212B445800A75EEE /* SmileyList.app */,
			);
			name = Products;
			sourceTree = "<group>";
		};
		FDB1051F212B445800A75EEE /* SmileyList */ = {
			isa = PBXGroup;
			children = (
				FDB10520212B445800A75EEE /* AppDelegate.swift */,
				FDB10522212B445800A75EEE /* MainVC.swift */,
				FDB10535212B4B4400A75EEE /* AddTaskVC.swift */,
				FDB10524212B445800A75EEE /* Main.storyboard */,
				FDB1052A212B445B00A75EEE /* Assets.xcassets */,
				FDB1052C212B445B00A75EEE /* LaunchScreen.storyboard */,
				FDB1052F212B445B00A75EEE /* Info.plist */,
				FDB10527212B445800A75EEE /* SmileyList.xcdatamodeld */,
			);
			path = SmileyList;
			sourceTree = "<group>";
		};
/* End PBXGroup section */

/* Begin PBXNativeTarget section */
		FDB1051C212B445800A75EEE /* SmileyList */ = {
			isa = PBXNativeTarget;
			buildConfigurationList = FDB10532212B445C00A75EEE /* Build configuration list for PBXNativeTarget "SmileyList" */;
			buildPhases = (
				FDB10519212B445800A75EEE /* Sources */,
				FDB1051A212B445800A75EEE /* Frameworks */,
				FDB1051B212B445800A75EEE /* Resources */,
			);
			buildRules = (
			);
			dependencies = (
			);
			name = SmileyList;
			productName = SmileyList;
			productReference = FDB1051D212B445800A75EEE /* SmileyList.app */;
			productType = "com.apple.product-type.application";
		};
/* End PBXNativeTarget section */

/* Begin PBXProject section */
		FDB10515212B445800A75EEE /* Project object */ = {
			isa = PBXProject;
			attributes = {
				LastSwiftUpdateCheck = 0940;
				LastUpgradeCheck = 0940;
				ORGANIZATIONNAME = "MANAS VIJAYWARGIYA";
				TargetAttributes = {
					FDB1051C212B445800A75EEE = {
						CreatedOnToolsVersion = 9.4.1;
					};
				};
			};
			buildConfigurationList = FDB10518212B445800A75EEE /* Build configuration list for PBXProject "SmileyList" */;
			compatibilityVersion = "Xcode 9.3";
			developmentRegion = en;
			hasScannedForEncodings = 0;
			knownRegions = (
				en,
				Base,
			);
			mainGroup = FDB10514212B445800A75EEE;
			productRefGroup = FDB1051E212B445800A75EEE /* Products */;
			projectDirPath = "";
			projectRoot = "";
			targets = (
				FDB1051C212B445800A75EEE /* SmileyList */,
			);
		};
/* End PBXProject section */

/* Begin PBXResourcesBuildPhase section */
		FDB1051B212B445800A75EEE /* Resources */ = {
			isa = PBXResourcesBuildPhase;
			buildActionMask = 2147483647;
			files = (
				FDB1052E212B445B00A75EEE /* LaunchScreen.storyboard in Resources */,
				FDB1052B212B445B00A75EEE /* Assets.xcassets in Resources */,
				FDB10526212B445800A75EEE /* Main.storyboard in Resources */,
			);
			runOnlyForDeploymentPostprocessing = 0;
		};
/* End PBXResourcesBuildPhase section */

/* Begin PBXSourcesBuildPhase section */
		FDB10519212B445800A75EEE /* Sources */ = {
			isa = PBXSourcesBuildPhase;
			buildActionMask = 2147483647;
			files = (
				FDB10523212B445800A75EEE /* MainVC.swift in Sources */,
				FDB10521212B445800A75EEE /* AppDelegate.swift in Sources */,
				FDB10529212B445800A75EEE /* SmileyList.xcdatamodeld in Sources */,
				FDB10536212B4B4400A75EEE /* AddTaskVC.swift in Sources */,
			);
			runOnlyForDeploymentPostprocessing = 0;
		};
/* End PBXSourcesBuildPhase section */

/* Begin PBXVariantGroup section */
		FDB10524212B445800A75EEE /* Main.storyboard */ = {
			isa = PBXVariantGroup;
			children = (
				FDB10525212B445800A75EEE /* Base */,
			);
			name = Main.storyboard;
			sourceTree = "<group>";
		};
		FDB1052C212B445B00A75EEE /* LaunchScreen.storyboard */ = {
			isa = PBXVariantGroup;
			children = (
				FDB1052D212B445B00A75EEE /* Base */,
			);
			name = LaunchScreen.storyboard;
			sourceTree = "<group>";
		};
/* End PBXVariantGroup section */

/* Begin XCBuildConfiguration section */
		FDB10530212B445B00A75EEE /* Debug */ = {
			isa = XCBuildConfiguration;
			buildSettings = {
				ALWAYS_SEARCH_USER_PATHS = NO;
				CLANG_ANALYZER_NONNULL = YES;
				CLANG_ANALYZER_NUMBER_OBJECT_CONVERSION = YES_AGGRESSIVE;
				CLANG_CXX_LANGUAGE_STANDARD = "gnu++14";
				CLANG_CXX_LIBRARY = "libc++";
				CLANG_ENABLE_MODULES = YES;
				CLANG_ENABLE_OBJC_ARC = YES;
				CLANG_ENABLE_OBJC_WEAK = YES;
				CLANG_WARN_BLOCK_CAPTURE_AUTORELEASING = YES;
				CLANG_WARN_BOOL_CONVERSION = YES;
				CLANG_WARN_COMMA = YES;
				CLANG_WARN_CONSTANT_CONVERSION = YES;
				CLANG_WARN_DEPRECATED_OBJC_IMPLEMENTATIONS = YES;
				CLANG_WARN_DIRECT_OBJC_ISA_USAGE = YES_ERROR;
				CLANG_WARN_DOCUMENTATION_COMMENTS = YES;
				CLANG_WARN_EMPTY_BODY = YES;
				CLANG_WARN_ENUM_CONVERSION = YES;
				CLANG_WARN_INFINITE_RECURSION = YES;
				CLANG_WARN_INT_CONVERSION = YES;
				CLANG_WARN_NON_LITERAL_NULL_CONVERSION = YES;
				CLANG_WARN_OBJC_IMPLICIT_RETAIN_SELF = YES;
				CLANG_WARN_OBJC_LITERAL_CONVERSION = YES;
				CLANG_WARN_OBJC_ROOT_CLASS = YES_ERROR;
				CLANG_WARN_RANGE_LOOP_ANALYSIS = YES;
				CLANG_WARN_STRICT_PROTOTYPES = YES;
				CLANG_WARN_SUSPICIOUS_MOVE = YES;
				CLANG_WARN_UNGUARDED_AVAILABILITY = YES_AGGRESSIVE;
				CLANG_WARN_UNREACHABLE_CODE = YES;
				CLANG_WARN__DUPLICATE_METHOD_MATCH = YES;
				CODE_SIGN_IDENTITY = "iPhone Developer";
				COPY_PHASE_STRIP = NO;
				DEBUG_INFORMATION_FORMAT = dwarf;
				ENABLE_STRICT_OBJC_MSGSEND = YES;
				ENABLE_TESTABILITY = YES;
				GCC_C_LANGUAGE_STANDARD = gnu11;
				GCC_DYNAMIC_NO_PIC = NO;
				GCC_NO_COMMON_BLOCKS = YES;
				GCC_OPTIMIZATION_LEVEL = 0;
				GCC_PREPROCESSOR_DEFINITIONS = (
					"DEBUG=1",
					"$(inherited)",
				);
				GCC_WARN_64_TO_32_BIT_CONVERSION = YES;
				GCC_WARN_ABOUT_RETURN_TYPE = YES_ERROR;
				GCC_WARN_UNDECLARED_SELECTOR = YES;
				GCC_WARN_UNINITIALIZED_AUTOS = YES_AGGRESSIVE;
				GCC_WARN_UNUSED_FUNCTION = YES;
				GCC_WARN_UNUSED_VARIABLE = YES;
				IPHONEOS_DEPLOYMENT_TARGET = 11.4;
				MTL_ENABLE_DEBUG_INFO = YES;
				ONLY_ACTIVE_ARCH = YES;
				SDKROOT = iphoneos;
				SWIFT_ACTIVE_COMPILATION_CONDITIONS = DEBUG;
				SWIFT_OPTIMIZATION_LEVEL = "-Onone";
			};
			name = Debug;
		};
		FDB10531212B445B00A75EEE /* Release */ = {
			isa = XCBuildConfiguration;
			buildSettings = {
				ALWAYS_SEARCH_USER_PATHS = NO;
				CLANG_ANALYZER_NONNULL = YES;
				CLANG_ANALYZER_NUMBER_OBJECT_CONVERSION = YES_AGGRESSIVE;
				CLANG_CXX_LANGUAGE_STANDARD = "gnu++14";
				CLANG_CXX_LIBRARY = "libc++";
				CLANG_ENABLE_MODULES = YES;
				CLANG_ENABLE_OBJC_ARC = YES;
				CLANG_ENABLE_OBJC_WEAK = YES;
				CLANG_WARN_BLOCK_CAPTURE_AUTORELEASING = YES;
				CLANG_WARN_BOOL_CONVERSION = YES;
				CLANG_WARN_COMMA = YES;
				CLANG_WARN_CONSTANT_CONVERSION = YES;
				CLANG_WARN_DEPRECATED_OBJC_IMPLEMENTATIONS = YES;
				CLANG_WARN_DIRECT_OBJC_ISA_USAGE = YES_ERROR;
				CLANG_WARN_DOCUMENTATION_COMMENTS = YES;
				CLANG_WARN_EMPTY_BODY = YES;
				CLANG_WARN_ENUM_CONVERSION = YES;
				CLANG_WARN_INFINITE_RECURSION = YES;
				CLANG_WARN_INT_CONVERSION = YES;
				CLANG_WARN_NON_LITERAL_NULL_CONVERSION = YES;
				CLANG_WARN_OBJC_IMPLICIT_RETAIN_SELF = YES;
				CLANG_WARN_OBJC_LITERAL_CONVERSION = YES;
				CLANG_WARN_OBJC_ROOT_CLASS = YES_ERROR;
				CLANG_WARN_RANGE_LOOP_ANALYSIS = YES;
				CLANG_WARN_STRICT_PROTOTYPES = YES;
				CLANG_WARN_SUSPICIOUS_MOVE = YES;
				CLANG_WARN_UNGUARDED_AVAILABILITY = YES_AGGRESSIVE;
				CLANG_WARN_UNREACHABLE_CODE = YES;
				CLANG_WARN__DUPLICATE_METHOD_MATCH = YES;
				CODE_SIGN_IDENTITY = "iPhone Developer";
				COPY_PHASE_STRIP = NO;
				DEBUG_INFORMATION_FORMAT = "dwarf-with-dsym";
				ENABLE_NS_ASSERTIONS = NO;
				ENABLE_STRICT_OBJC_MSGSEND = YES;
				GCC_C_LANGUAGE_STANDARD = gnu11;
				GCC_NO_COMMON_BLOCKS = YES;
				GCC_WARN_64_TO_32_BIT_CONVERSION = YES;
				GCC_WARN_ABOUT_RETURN_TYPE = YES_ERROR;
				GCC_WARN_UNDECLARED_SELECTOR = YES;
				GCC_WARN_UNINITIALIZED_AUTOS = YES_AGGRESSIVE;
				GCC_WARN_UNUSED_FUNCTION = YES;
				GCC_WARN_UNUSED_VARIABLE = YES;
				IPHONEOS_DEPLOYMENT_TARGET = 11.4;
				MTL_ENABLE_DEBUG_INFO = NO;
				SDKROOT = iphoneos;
				SWIFT_COMPILATION_MODE = wholemodule;
				SWIFT_OPTIMIZATION_LEVEL = "-O";
				VALIDATE_PRODUCT = YES;
			};
			name = Release;
		};
		FDB10533212B445C00A75EEE /* Debug */ = {
			isa = XCBuildConfiguration;
			buildSettings = {
				ASSETCATALOG_COMPILER_APPICON_NAME = AppIcon;
				CODE_SIGN_STYLE = Automatic;
				INFOPLIST_FILE = SmileyList/Info.plist;
				LD_RUNPATH_SEARCH_PATHS = (
					"$(inherited)",
					"@executable_path/Frameworks",
				);
				PRODUCT_BUNDLE_IDENTIFIER = com.universe.SmileyList;
				PRODUCT_NAME = "$(TARGET_NAME)";
				SWIFT_VERSION = 4.0;
				TARGETED_DEVICE_FAMILY = "1,2";
			};
			name = Debug;
		};
		FDB10534212B445C00A75EEE /* Release */ = {
			isa = XCBuildConfiguration;
			buildSettings = {
				ASSETCATALOG_COMPILER_APPICON_NAME = AppIcon;
				CODE_SIGN_STYLE = Automatic;
				INFOPLIST_FILE = SmileyList/Info.plist;
				LD_RUNPATH_SEARCH_PATHS = (
					"$(inherited)",
					"@executable_path/Frameworks",
				);
				PRODUCT_BUNDLE_IDENTIFIER = com.universe.SmileyList;
				PRODUCT_NAME = "$(TARGET_NAME)";
				SWIFT_VERSION = 4.0;
				TARGETED_DEVICE_FAMILY = "1,2";
			};
			name = Release;
		};
/* End XCBuildConfiguration section */

/* Begin XCConfigurationList section */
		FDB10518212B445800A75EEE /* Build configuration list for PBXProject "SmileyList" */ = {
			isa = XCConfigurationList;
			buildConfigurations = (
				FDB10530212B445B00A75EEE /* Debug */,
				FDB10531212B445B00A75EEE /* Release */,
			);
			defaultConfigurationIsVisible = 0;
			defaultConfigurationName = Release;
		};
		FDB10532212B445C00A75EEE /* Build configuration list for PBXNativeTarget "SmileyList" */ = {
			isa = XCConfigurationList;
			buildConfigurations = (
				FDB10533212B445C00A75EEE /* Debug */,
				FDB10534212B445C00A75EEE /* Release */,
			);
			defaultConfigurationIsVisible = 0;
			defaultConfigurationName = Release;
		};
/* End XCConfigurationList section */

/* Begin XCVersionGroup section */
		FDB10527212B445800A75EEE /* SmileyList.xcdatamodeld */ = {
			isa = XCVersionGroup;
			children = (
				FDB10528212B445800A75EEE /* SmileyList.xcdatamodel */,
			);
			currentVersion = FDB10528212B445800A75EEE /* SmileyList.xcdatamodel */;
			path = SmileyList.xcdatamodeld;
			sourceTree = "<group>";
			versionGroupType = wrapper.xcdatamodel;
		};
/* End XCVersionGroup section */
	};
	rootObject = FDB10515212B445800A75EEE /* Project object */;
}
